
Microsoft Visual Studio Solution File, Format Version 12.00
# Visual Studio Version 16
VisualStudioVersion = 16.0.32002.261
MinimumVisualStudioVersion = 10.0.40219.1
Project("{9A19103F-16F7-4668-BE54-9A1E7A4F7556}") = "MassConverterConsole", "MassConverter\MassConverterConsole.csproj", "{67D05CFE-8010-4B3A-9BA7-EC52410F09B5}"
EndProject
Project("{9A19103F-16F7-4668-BE54-9A1E7A4F7556}") = "MassConverterConsoleTests", "MassConverterTests\MassConverterConsoleTests.csproj", "{FABBDC56-F8F0-460E-8613-55E129FEA81A}"
EndProject
Global
	GlobalSection(SolutionConfigurationPlatforms) = preSolution
		Debug|Any CPU = Debug|Any CPU
		Release|Any CPU = Release|Any CPU
	EndGlobalSection
	GlobalSection(ProjectConfigurationPlatforms) = postSolution
		{67D05CFE-8010-4B3A-9BA7-EC52410F09B5}.Debug|Any CPU.ActiveCfg = Debug|Any CPU
		{67D05CFE-8010-4B3A-9BA7-EC52410F09B5}.Debug|Any CPU.Build.0 = Debug|Any CPU
		{67D05CFE-8010-4B3A-9BA7-EC52410F09B5}.Release|Any CPU.ActiveCfg = Release|Any CPU
		{67D05CFE-8010-4B3A-9BA7-EC52410F09B5}.Release|Any CPU.Build.0 = Release|Any CPU
		{FABBDC56-F8F0-460E-8613-55E129FEA81A}.Debug|Any CPU.ActiveCfg = Debug|Any CPU
		{FABBDC56-F8F0-460E-8613-55E129FEA81A}.Debug|Any CPU.Build.0 = Debug|Any CPU
		{FABBDC56-F8F0-460E-8613-55E129FEA81A}.Release|Any CPU.ActiveCfg = Release|Any CPU
		{FABBDC56-F8F0-460E-8613-55E129FEA81A}.Release|Any CPU.Build.0 = Release|Any CPU
	EndGlobalSection
	GlobalSection(SolutionProperties) = preSolution
		HideSolutionNode = FALSE
	EndGlobalSection
	GlobalSection(ExtensibilityGlobals) = postSolution
		SolutionGuid = {6ABE505C-C9DB-445B-9B43-074A61AAF2F0}
	EndGlobalSection
EndGlobal
